
Microsoft Visual Studio Solution File, Format Version 12.00
# Visual Studio Version 17
VisualStudioVersion = 17.1.32407.343
MinimumVisualStudioVersion = 10.0.40219.1
Project("{FAE04EC0-301F-11D3-BF4B-00C04F79EFBC}") = "deadlock-dotnet-sdk", "deadlock-dotnet-sdk\deadlock-dotnet-sdk.csproj", "{7B605CAB-6ECF-4147-8E68-CAA21B85495C}"
EndProject
Global
	GlobalSection(SolutionConfigurationPlatforms) = preSolution
		Debug|Any CPU = Debug|Any CPU
		Release|Any CPU = Release|Any CPU
	EndGlobalSection
	GlobalSection(ProjectConfigurationPlatforms) = postSolution
		{7B605CAB-6ECF-4147-8E68-CAA21B85495C}.Debug|Any CPU.ActiveCfg = Debug|Any CPU
		{7B605CAB-6ECF-4147-8E68-CAA21B85495C}.Debug|Any CPU.Build.0 = Debug|Any CPU
		{7B605CAB-6ECF-4147-8E68-CAA21B85495C}.Release|Any CPU.ActiveCfg = Release|Any CPU
		{7B605CAB-6ECF-4147-8E68-CAA21B85495C}.Release|Any CPU.Build.0 = Release|Any CPU
	EndGlobalSection
	GlobalSection(SolutionProperties) = preSolution
		HideSolutionNode = FALSE
	EndGlobalSection
	GlobalSection(ExtensibilityGlobals) = postSolution
		SolutionGuid = {E925A1BA-0672-4AEC-B8A9-8377AD79A1FD}
	EndGlobalSection
EndGlobal
